
Microsoft Visual Studio Solution File, Format Version 12.00
# Visual Studio Version 17
VisualStudioVersion = 17.7.34221.43
MinimumVisualStudioVersion = 10.0.40219.1
Project("{FAE04EC0-301F-11D3-BF4B-00C04F79EFBC}") = "Wieża", "Wieża.csproj", "{4C4E758E-56D7-4748-AE17-895BB41AADB6}"
EndProject
Global
	GlobalSection(SolutionConfigurationPlatforms) = preSolution
		Debug|Any CPU = Debug|Any CPU
		Release|Any CPU = Release|Any CPU
	EndGlobalSection
	GlobalSection(ProjectConfigurationPlatforms) = postSolution
		{4C4E758E-56D7-4748-AE17-895BB41AADB6}.Debug|Any CPU.ActiveCfg = Debug|Any CPU
		{4C4E758E-56D7-4748-AE17-895BB41AADB6}.Debug|Any CPU.Build.0 = Debug|Any CPU
		{4C4E758E-56D7-4748-AE17-895BB41AADB6}.Release|Any CPU.ActiveCfg = Release|Any CPU
		{4C4E758E-56D7-4748-AE17-895BB41AADB6}.Release|Any CPU.Build.0 = Release|Any CPU
	EndGlobalSection
	GlobalSection(SolutionProperties) = preSolution
		HideSolutionNode = FALSE
	EndGlobalSection
	GlobalSection(ExtensibilityGlobals) = postSolution
		SolutionGuid = {B5F9090A-A874-4D2D-AFEA-0A007BA5A9DD}
	EndGlobalSection
EndGlobal
